
Microsoft Visual Studio Solution File, Format Version 12.00
# Visual Studio Version 16
VisualStudioVersion = 16.0.29411.108
MinimumVisualStudioVersion = 10.0.40219.1
Project("{FAE04EC0-301F-11D3-BF4B-00C04F79EFBC}") = "BchainSimServices", "BchainSimServices.csproj", "{A3BDD488-1585-4235-83EB-AE9EE8811EBA}"
EndProject
Global
	GlobalSection(SolutionConfigurationPlatforms) = preSolution
		Debug|Any CPU = Debug|Any CPU
		Release|Any CPU = Release|Any CPU
	EndGlobalSection
	GlobalSection(ProjectConfigurationPlatforms) = postSolution
		{A3BDD488-1585-4235-83EB-AE9EE8811EBA}.Debug|Any CPU.ActiveCfg = Debug|Any CPU
		{A3BDD488-1585-4235-83EB-AE9EE8811EBA}.Debug|Any CPU.Build.0 = Debug|Any CPU
		{A3BDD488-1585-4235-83EB-AE9EE8811EBA}.Release|Any CPU.ActiveCfg = Release|Any CPU
		{A3BDD488-1585-4235-83EB-AE9EE8811EBA}.Release|Any CPU.Build.0 = Release|Any CPU
	EndGlobalSection
	GlobalSection(SolutionProperties) = preSolution
		HideSolutionNode = FALSE
	EndGlobalSection
	GlobalSection(ExtensibilityGlobals) = postSolution
		SolutionGuid = {B3413A6F-C628-48AA-8BC5-D37621FC5CA6}
	EndGlobalSection
EndGlobal
